
Microsoft Visual Studio Solution File, Format Version 12.00
# Visual Studio Version 17
VisualStudioVersion = 17.9.34728.123
MinimumVisualStudioVersion = 10.0.40219.1
Project("{FAE04EC0-301F-11D3-BF4B-00C04F79EFBC}") = "BlazorMoviePicks", "BlazorMoviePicks\BlazorMoviePicks.csproj", "{5CF24964-2227-46EB-B1EA-68D6656C1509}"
EndProject
Global
	GlobalSection(SolutionConfigurationPlatforms) = preSolution
		Debug|Any CPU = Debug|Any CPU
		Release|Any CPU = Release|Any CPU
	EndGlobalSection
	GlobalSection(ProjectConfigurationPlatforms) = postSolution
		{5CF24964-2227-46EB-B1EA-68D6656C1509}.Debug|Any CPU.ActiveCfg = Debug|Any CPU
		{5CF24964-2227-46EB-B1EA-68D6656C1509}.Debug|Any CPU.Build.0 = Debug|Any CPU
		{5CF24964-2227-46EB-B1EA-68D6656C1509}.Release|Any CPU.ActiveCfg = Release|Any CPU
		{5CF24964-2227-46EB-B1EA-68D6656C1509}.Release|Any CPU.Build.0 = Release|Any CPU
	EndGlobalSection
	GlobalSection(SolutionProperties) = preSolution
		HideSolutionNode = FALSE
	EndGlobalSection
	GlobalSection(ExtensibilityGlobals) = postSolution
		SolutionGuid = {BDF10C1A-51B5-4694-9827-E464CA28CE38}
	EndGlobalSection
EndGlobal
